
Microsoft Visual Studio Solution File, Format Version 12.00
# Visual Studio 14
VisualStudioVersion = 14.0.24720.0
MinimumVisualStudioVersion = 10.0.40219.1
Project("{FAE04EC0-301F-11D3-BF4B-00C04F79EFBC}") = "IoTChallenge", "IoTChallenge\IoTChallenge.csproj", "{62C8E270-FB7B-4A07-AB02-F201FCFB6174}"
EndProject
Project("{FAE04EC0-301F-11D3-BF4B-00C04F79EFBC}") = "IoTChallenge.Tests", "IoTChallenge.Tests\IoTChallenge.Tests.csproj", "{B8FC7CBF-C2BE-4AB3-BCA7-551CB37177EC}"
EndProject
Global
	GlobalSection(SolutionConfigurationPlatforms) = preSolution
		Debug|Any CPU = Debug|Any CPU
		Release|Any CPU = Release|Any CPU
	EndGlobalSection
	GlobalSection(ProjectConfigurationPlatforms) = postSolution
		{62C8E270-FB7B-4A07-AB02-F201FCFB6174}.Debug|Any CPU.ActiveCfg = Debug|Any CPU
		{62C8E270-FB7B-4A07-AB02-F201FCFB6174}.Debug|Any CPU.Build.0 = Debug|Any CPU
		{62C8E270-FB7B-4A07-AB02-F201FCFB6174}.Release|Any CPU.ActiveCfg = Release|Any CPU
		{62C8E270-FB7B-4A07-AB02-F201FCFB6174}.Release|Any CPU.Build.0 = Release|Any CPU
		{B8FC7CBF-C2BE-4AB3-BCA7-551CB37177EC}.Debug|Any CPU.ActiveCfg = Debug|Any CPU
		{B8FC7CBF-C2BE-4AB3-BCA7-551CB37177EC}.Debug|Any CPU.Build.0 = Debug|Any CPU
		{B8FC7CBF-C2BE-4AB3-BCA7-551CB37177EC}.Release|Any CPU.ActiveCfg = Release|Any CPU
		{B8FC7CBF-C2BE-4AB3-BCA7-551CB37177EC}.Release|Any CPU.Build.0 = Release|Any CPU
	EndGlobalSection
	GlobalSection(SolutionProperties) = preSolution
		HideSolutionNode = FALSE
	EndGlobalSection
EndGlobal
